
Microsoft Visual Studio Solution File, Format Version 12.00
# Visual Studio Version 17
VisualStudioVersion = 17.3.32901.215
MinimumVisualStudioVersion = 10.0.40219.1
Project("{FAE04EC0-301F-11D3-BF4B-00C04F79EFBC}") = "if_else_kullanımı2=826", "if_else_kullanımı2=826\if_else_kullanımı2=826.csproj", "{6964CC76-D1C2-4778-807C-98533E90E637}"
EndProject
Global
	GlobalSection(SolutionConfigurationPlatforms) = preSolution
		Debug|Any CPU = Debug|Any CPU
		Release|Any CPU = Release|Any CPU
	EndGlobalSection
	GlobalSection(ProjectConfigurationPlatforms) = postSolution
		{6964CC76-D1C2-4778-807C-98533E90E637}.Debug|Any CPU.ActiveCfg = Debug|Any CPU
		{6964CC76-D1C2-4778-807C-98533E90E637}.Debug|Any CPU.Build.0 = Debug|Any CPU
		{6964CC76-D1C2-4778-807C-98533E90E637}.Release|Any CPU.ActiveCfg = Release|Any CPU
		{6964CC76-D1C2-4778-807C-98533E90E637}.Release|Any CPU.Build.0 = Release|Any CPU
	EndGlobalSection
	GlobalSection(SolutionProperties) = preSolution
		HideSolutionNode = FALSE
	EndGlobalSection
	GlobalSection(ExtensibilityGlobals) = postSolution
		SolutionGuid = {4FF42D49-8B43-4A16-A3E2-29FC8B121613}
	EndGlobalSection
EndGlobal
